
Microsoft Visual Studio Solution File, Format Version 12.00
# Visual Studio 15
VisualStudioVersion = 15.0.28307.1267
MinimumVisualStudioVersion = 10.0.40219.1
Project("{FAE04EC0-301F-11D3-BF4B-00C04F79EFBC}") = "20160140009_WCFServiceApp_CRUD", "20160140009_WCFServiceApp_CRUD\20160140009_WCFServiceApp_CRUD.csproj", "{07E78E79-9809-41B8-B34B-A603F8AE26DB}"
EndProject
Global
	GlobalSection(SolutionConfigurationPlatforms) = preSolution
		Debug|Any CPU = Debug|Any CPU
		Release|Any CPU = Release|Any CPU
	EndGlobalSection
	GlobalSection(ProjectConfigurationPlatforms) = postSolution
		{07E78E79-9809-41B8-B34B-A603F8AE26DB}.Debug|Any CPU.ActiveCfg = Debug|Any CPU
		{07E78E79-9809-41B8-B34B-A603F8AE26DB}.Debug|Any CPU.Build.0 = Debug|Any CPU
		{07E78E79-9809-41B8-B34B-A603F8AE26DB}.Release|Any CPU.ActiveCfg = Release|Any CPU
		{07E78E79-9809-41B8-B34B-A603F8AE26DB}.Release|Any CPU.Build.0 = Release|Any CPU
	EndGlobalSection
	GlobalSection(SolutionProperties) = preSolution
		HideSolutionNode = FALSE
	EndGlobalSection
	GlobalSection(ExtensibilityGlobals) = postSolution
		SolutionGuid = {7EFF6A72-CE07-44CC-A9D8-D98EA77EA1AD}
	EndGlobalSection
EndGlobal
